{
  "name": "sparktest-cloud",
  "version": "0.1.0",
  "lockfileVersion": 3,
  "requires": true,
  "packages": {
    "": {
      "name": "sparktest-cloud",
      "version": "0.1.0",
      "dependencies": {
        "@hookform/resolvers": "^5.2.0",
        "@tanstack/react-query": "^5.83.0",
        "lucide-react": "^0.526.0",
        "react-hook-form": "^7.61.1",
        "zod": "^4.0.10",
        "zustand": "^5.0.6"
      },
      "devDependencies": {
        "@types/node": "^20"
      }
    },
    "node_modules/@hookform/resolvers": {
      "version": "5.2.0",
      "resolved": "https://registry.npmjs.org/@hookform/resolvers/-/resolvers-5.2.0.tgz",
      "integrity": "sha512-3YI+VqxJQH6ryRWG+j3k+M19Wf37LeSKJDg6Vdjq6makLOqZGYn77iTaYLMLpVi/uHc1N6OTCmcxJwhOQV979g==",
      "license": "MIT",
      "dependencies": {
        "@standard-schema/utils": "^0.3.0"
      },
      "peerDependencies": {
        "react-hook-form": "^7.55.0"
      }
    },
    "node_modules/@standard-schema/utils": {
      "version": "0.3.0",
      "resolved": "https://registry.npmjs.org/@standard-schema/utils/-/utils-0.3.0.tgz",
      "integrity": "sha512-e7Mew686owMaPJVNNLs55PUvgz371nKgwsc4vxE49zsODpJEnxgxRo2y/OKrqueavXgZNMDVj3DdHFlaSAeU8g==",
      "license": "MIT"
    },
    "node_modules/@tanstack/query-core": {
      "version": "5.83.0",
      "resolved": "https://registry.npmjs.org/@tanstack/query-core/-/query-core-5.83.0.tgz",
      "integrity": "sha512-0M8dA+amXUkyz5cVUm/B+zSk3xkQAcuXuz5/Q/LveT4ots2rBpPTZOzd7yJa2Utsf8D2Upl5KyjhHRY+9lB/XA==",
      "license": "MIT",
      "funding": {
        "type": "github",
        "url": "https://github.com/sponsors/tannerlinsley"
      }
    },
    "node_modules/@tanstack/react-query": {
      "version": "5.83.0",
      "resolved": "https://registry.npmjs.org/@tanstack/react-query/-/react-query-5.83.0.tgz",
      "integrity": "sha512-/XGYhZ3foc5H0VM2jLSD/NyBRIOK4q9kfeml4+0x2DlL6xVuAcVEW+hTlTapAmejObg0i3eNqhkr2dT+eciwoQ==",
      "license": "MIT",
      "dependencies": {
        "@tanstack/query-core": "5.83.0"
      },
      "funding": {
        "type": "github",
        "url": "https://github.com/sponsors/tannerlinsley"
      },
      "peerDependencies": {
        "react": "^18 || ^19"
      }
    },
    "node_modules/@types/node": {
      "version": "20.19.9",
      "resolved": "https://registry.npmjs.org/@types/node/-/node-20.19.9.tgz",
      "integrity": "sha512-cuVNgarYWZqxRJDQHEB58GEONhOK79QVR/qYx4S7kcUObQvUwvFnYxJuuHUKm2aieN9X3yZB4LZsuYNU1Qphsw==",
      "dev": true,
      "license": "MIT",
      "dependencies": {
        "undici-types": "~6.21.0"
      }
    },
    "node_modules/lucide-react": {
      "version": "0.526.0",
      "resolved": "https://registry.npmjs.org/lucide-react/-/lucide-react-0.526.0.tgz",
      "integrity": "sha512-uGWG/2RKuDLeQHCodn5cmJ9Zij80EstOdcBP+j//B2sr78w7woiEL4aMu6CRlRkyOyJ8sZry8QLhQTmZjynLdA==",
      "license": "ISC",
      "peerDependencies": {
        "react": "^16.5.1 || ^17.0.0 || ^18.0.0 || ^19.0.0"
      }
    },
    "node_modules/react": {
      "version": "19.1.0",
      "resolved": "https://registry.npmjs.org/react/-/react-19.1.0.tgz",
      "integrity": "sha512-FS+XFBNvn3GTAWq26joslQgWNoFu08F4kl0J4CgdNKADkdSGXQyTCnKteIAJy96Br6YbpEU1LSzV5dYtjMkMDg==",
      "license": "MIT",
      "peer": true,
      "engines": {
        "node": ">=0.10.0"
      }
    },
    "node_modules/react-hook-form": {
      "version": "7.61.1",
      "resolved": "https://registry.npmjs.org/react-hook-form/-/react-hook-form-7.61.1.tgz",
      "integrity": "sha512-2vbXUFDYgqEgM2RcXcAT2PwDW/80QARi+PKmHy5q2KhuKvOlG8iIYgf7eIlIANR5trW9fJbP4r5aub3a4egsew==",
      "license": "MIT",
      "engines": {
        "node": ">=18.0.0"
      },
      "funding": {
        "type": "opencollective",
        "url": "https://opencollective.com/react-hook-form"
      },
      "peerDependencies": {
        "react": "^16.8.0 || ^17 || ^18 || ^19"
      }
    },
    "node_modules/undici-types": {
      "version": "6.21.0",
      "resolved": "https://registry.npmjs.org/undici-types/-/undici-types-6.21.0.tgz",
      "integrity": "sha512-iwDZqg0QAGrg9Rav5H4n0M64c3mkR59cJ6wQp+7C4nI0gsmExaedaYLNO44eT4AtBBwjbTiGPMlt2Md0T9H9JQ==",
      "dev": true,
      "license": "MIT"
    },
    "node_modules/zod": {
      "version": "4.0.10",
      "resolved": "https://registry.npmjs.org/zod/-/zod-4.0.10.tgz",
      "integrity": "sha512-3vB+UU3/VmLL2lvwcY/4RV2i9z/YU0DTV/tDuYjrwmx5WeJ7hwy+rGEEx8glHp6Yxw7ibRbKSaIFBgReRPe5KA==",
      "license": "MIT",
      "funding": {
        "url": "https://github.com/sponsors/colinhacks"
      }
    },
    "node_modules/zustand": {
      "version": "5.0.6",
      "resolved": "https://registry.npmjs.org/zustand/-/zustand-5.0.6.tgz",
      "integrity": "sha512-ihAqNeUVhe0MAD+X8M5UzqyZ9k3FFZLBTtqo6JLPwV53cbRB/mJwBI0PxcIgqhBBHlEs8G45OTDTMq3gNcLq3A==",
      "license": "MIT",
      "engines": {
        "node": ">=12.20.0"
      },
      "peerDependencies": {
        "@types/react": ">=18.0.0",
        "immer": ">=9.0.6",
        "react": ">=18.0.0",
        "use-sync-external-store": ">=1.2.0"
      },
      "peerDependenciesMeta": {
        "@types/react": {
          "optional": true
        },
        "immer": {
          "optional": true
        },
        "react": {
          "optional": true
        },
        "use-sync-external-store": {
          "optional": true
        }
      }
    }
  }
}
